
Microsoft Visual Studio Solution File, Format Version 12.00
# Visual Studio Version 17
VisualStudioVersion = 17.0.32126.317
MinimumVisualStudioVersion = 10.0.40219.1
Project("{FAE04EC0-301F-11D3-BF4B-00C04F79EFBC}") = "Inlämningsuppgift 3 Skiss", "Inlämningsuppgift 3 Skiss\Inlämningsuppgift 3 Skiss.csproj", "{006E1CC4-72E0-4A1A-ABB4-D7886FEC1773}"
EndProject
Global
	GlobalSection(SolutionConfigurationPlatforms) = preSolution
		Debug|Any CPU = Debug|Any CPU
		Release|Any CPU = Release|Any CPU
	EndGlobalSection
	GlobalSection(ProjectConfigurationPlatforms) = postSolution
		{006E1CC4-72E0-4A1A-ABB4-D7886FEC1773}.Debug|Any CPU.ActiveCfg = Debug|Any CPU
		{006E1CC4-72E0-4A1A-ABB4-D7886FEC1773}.Debug|Any CPU.Build.0 = Debug|Any CPU
		{006E1CC4-72E0-4A1A-ABB4-D7886FEC1773}.Release|Any CPU.ActiveCfg = Release|Any CPU
		{006E1CC4-72E0-4A1A-ABB4-D7886FEC1773}.Release|Any CPU.Build.0 = Release|Any CPU
	EndGlobalSection
	GlobalSection(SolutionProperties) = preSolution
		HideSolutionNode = FALSE
	EndGlobalSection
	GlobalSection(ExtensibilityGlobals) = postSolution
		SolutionGuid = {1AAD051D-08C8-4663-9C63-CA3D4CFF3AD9}
	EndGlobalSection
EndGlobal
